
Microsoft Visual Studio Solution File, Format Version 12.00
# Visual Studio Version 18
VisualStudioVersion = 18.10.12113.136 insiders
MinimumVisualStudioVersion = 10.0.40219.1
Project("{2150E333-8FDC-42A3-9474-1A3956D46DE8}") = "FrameWorks", "FrameWorks", "{02EA681E-C7D8-13C7-8484-4AC65E1B71E8}"
EndProject
Project("{FAE04EC0-301F-11D3-BF4B-00C04F79EFBC}") = "ContactMS.FrameWork", "ContactMS.FrameWork\ContactMS.FrameWork.csproj", "{1B8286BD-0F9E-4D7C-82E3-2422604562B8}"
EndProject
Project("{2150E333-8FDC-42A3-9474-1A3956D46DE8}") = "WebAPI", "WebAPI", "{928BB013-6F7A-4FB3-9879-4074BA0D31B9}"
EndProject
Project("{FAE04EC0-301F-11D3-BF4B-00C04F79EFBC}") = "ContactMS", "ContactMS\ContactMS.csproj", "{5DACC04E-DB13-411E-BA72-5625485F00B7}"
EndProject
Project("{2150E333-8FDC-42A3-9474-1A3956D46DE8}") = "Data", "Data", "{B71A9464-CAFA-4D30-9E8E-53D538218922}"
EndProject
Project("{FAE04EC0-301F-11D3-BF4B-00C04F79EFBC}") = "ContactMS.Data", "ContactMS.Data\ContactMS.Data.csproj", "{3B66326B-DBE6-4CAE-9139-559A61D44247}"
EndProject
Project("{FAE04EC0-301F-11D3-BF4B-00C04F79EFBC}") = "ContactMS.Data.Contract", "Contact.Data.Contract\ContactMS.Data.Contract.csproj", "{3C34003E-09F6-4037-8E6B-C61181FCB81B}"
EndProject
Project("{2150E333-8FDC-42A3-9474-1A3956D46DE8}") = "Business", "Business", "{0E65FDF4-9FC9-4D46-82A5-666FE845E09B}"
EndProject
Project("{FAE04EC0-301F-11D3-BF4B-00C04F79EFBC}") = "ContactMS.Business", "ContactMS.Business\ContactMS.Business.csproj", "{5F54AD6B-C865-46F3-BF68-B2EE0584C90E}"
EndProject
Project("{FAE04EC0-301F-11D3-BF4B-00C04F79EFBC}") = "ContactMS.Business.Contracts", "ContactMS.Business.Contracts\ContactMS.Business.Contracts.csproj", "{FB019191-D89B-4C81-B770-5581CD903681}"
EndProject
Project("{FAE04EC0-301F-11D3-BF4B-00C04F79EFBC}") = "ContactMS.Data.Services", "ContactMS.Data.Services\ContactMS.Data.Services.csproj", "{E4C7F11A-D886-4DD9-99F7-EABD9972FDDE}"
EndProject
Project("{FAE04EC0-301F-11D3-BF4B-00C04F79EFBC}") = "ContactMS.Data.Service.Contracts", "ContactMS.Data.Service.Contracts\ContactMS.Data.Service.Contracts.csproj", "{63DC0481-E0B2-431F-9E41-202FB8824230}"
EndProject
Project("{2150E333-8FDC-42A3-9474-1A3956D46DE8}") = "DTOs", "DTOs", "{1CE4C556-8564-453F-9C11-34B7D5506B98}"
EndProject
Project("{FAE04EC0-301F-11D3-BF4B-00C04F79EFBC}") = "ContactMS.DTO.Mappers", "ContactMS.DTO.Mappers\ContactMS.DTO.Mappers.csproj", "{2527AEDD-715D-4914-8CD7-637CAFF22D89}"
EndProject
Project("{FAE04EC0-301F-11D3-BF4B-00C04F79EFBC}") = "ContactMS.DTOs", "ContactMS.DTOs\ContactMS.DTOs.csproj", "{A523B729-9C95-43F2-8F8B-C4E6CD18483D}"
EndProject
Global
	GlobalSection(SolutionConfigurationPlatforms) = preSolution
		Debug|Any CPU = Debug|Any CPU
		Release|Any CPU = Release|Any CPU
	EndGlobalSection
	GlobalSection(ProjectConfigurationPlatforms) = postSolution
		{1B8286BD-0F9E-4D7C-82E3-2422604562B8}.Debug|Any CPU.ActiveCfg = Debug|Any CPU
		{1B8286BD-0F9E-4D7C-82E3-2422604562B8}.Debug|Any CPU.Build.0 = Debug|Any CPU
		{1B8286BD-0F9E-4D7C-82E3-2422604562B8}.Release|Any CPU.ActiveCfg = Release|Any CPU
		{1B8286BD-0F9E-4D7C-82E3-2422604562B8}.Release|Any CPU.Build.0 = Release|Any CPU
		{5DACC04E-DB13-411E-BA72-5625485F00B7}.Debug|Any CPU.ActiveCfg = Debug|Any CPU
		{5DACC04E-DB13-411E-BA72-5625485F00B7}.Debug|Any CPU.Build.0 = Debug|Any CPU
		{5DACC04E-DB13-411E-BA72-5625485F00B7}.Release|Any CPU.ActiveCfg = Release|Any CPU
		{5DACC04E-DB13-411E-BA72-5625485F00B7}.Release|Any CPU.Build.0 = Release|Any CPU
		{3B66326B-DBE6-4CAE-9139-559A61D44247}.Debug|Any CPU.ActiveCfg = Debug|Any CPU
		{3B66326B-DBE6-4CAE-9139-559A61D44247}.Debug|Any CPU.Build.0 = Debug|Any CPU
		{3B66326B-DBE6-4CAE-9139-559A61D44247}.Release|Any CPU.ActiveCfg = Release|Any CPU
		{3B66326B-DBE6-4CAE-9139-559A61D44247}.Release|Any CPU.Build.0 = Release|Any CPU
		{3C34003E-09F6-4037-8E6B-C61181FCB81B}.Debug|Any CPU.ActiveCfg = Debug|Any CPU
		{3C34003E-09F6-4037-8E6B-C61181FCB81B}.Debug|Any CPU.Build.0 = Debug|Any CPU
		{3C34003E-09F6-4037-8E6B-C61181FCB81B}.Release|Any CPU.ActiveCfg = Release|Any CPU
		{3C34003E-09F6-4037-8E6B-C61181FCB81B}.Release|Any CPU.Build.0 = Release|Any CPU
		{5F54AD6B-C865-46F3-BF68-B2EE0584C90E}.Debug|Any CPU.ActiveCfg = Debug|Any CPU
		{5F54AD6B-C865-46F3-BF68-B2EE0584C90E}.Debug|Any CPU.Build.0 = Debug|Any CPU
		{5F54AD6B-C865-46F3-BF68-B2EE0584C90E}.Release|Any CPU.ActiveCfg = Release|Any CPU
		{5F54AD6B-C865-46F3-BF68-B2EE0584C90E}.Release|Any CPU.Build.0 = Release|Any CPU
		{FB019191-D89B-4C81-B770-5581CD903681}.Debug|Any CPU.ActiveCfg = Debug|Any CPU
		{FB019191-D89B-4C81-B770-5581CD903681}.Debug|Any CPU.Build.0 = Debug|Any CPU
		{FB019191-D89B-4C81-B770-5581CD903681}.Release|Any CPU.ActiveCfg = Release|Any CPU
		{FB019191-D89B-4C81-B770-5581CD903681}.Release|Any CPU.Build.0 = Release|Any CPU
		{E4C7F11A-D886-4DD9-99F7-EABD9972FDDE}.Debug|Any CPU.ActiveCfg = Debug|Any CPU
		{E4C7F11A-D886-4DD9-99F7-EABD9972FDDE}.Debug|Any CPU.Build.0 = Debug|Any CPU
		{E4C7F11A-D886-4DD9-99F7-EABD9972FDDE}.Release|Any CPU.ActiveCfg = Release|Any CPU
		{E4C7F11A-D886-4DD9-99F7-EABD9972FDDE}.Release|Any CPU.Build.0 = Release|Any CPU
		{63DC0481-E0B2-431F-9E41-202FB8824230}.Debug|Any CPU.ActiveCfg = Debug|Any CPU
		{63DC0481-E0B2-431F-9E41-202FB8824230}.Debug|Any CPU.Build.0 = Debug|Any CPU
		{63DC0481-E0B2-431F-9E41-202FB8824230}.Release|Any CPU.ActiveCfg = Release|Any CPU
		{63DC0481-E0B2-431F-9E41-202FB8824230}.Release|Any CPU.Build.0 = Release|Any CPU
		{2527AEDD-715D-4914-8CD7-637CAFF22D89}.Debug|Any CPU.ActiveCfg = Debug|Any CPU
		{2527AEDD-715D-4914-8CD7-637CAFF22D89}.Debug|Any CPU.Build.0 = Debug|Any CPU
		{2527AEDD-715D-4914-8CD7-637CAFF22D89}.Release|Any CPU.ActiveCfg = Release|Any CPU
		{2527AEDD-715D-4914-8CD7-637CAFF22D89}.Release|Any CPU.Build.0 = Release|Any CPU
		{A523B729-9C95-43F2-8F8B-C4E6CD18483D}.Debug|Any CPU.ActiveCfg = Debug|Any CPU
		{A523B729-9C95-43F2-8F8B-C4E6CD18483D}.Debug|Any CPU.Build.0 = Debug|Any CPU
		{A523B729-9C95-43F2-8F8B-C4E6CD18483D}.Release|Any CPU.ActiveCfg = Release|Any CPU
		{A523B729-9C95-43F2-8F8B-C4E6CD18483D}.Release|Any CPU.Build.0 = Release|Any CPU
	EndGlobalSection
	GlobalSection(SolutionProperties) = preSolution
		HideSolutionNode = FALSE
	EndGlobalSection
	GlobalSection(NestedProjects) = preSolution
		{1B8286BD-0F9E-4D7C-82E3-2422604562B8} = {02EA681E-C7D8-13C7-8484-4AC65E1B71E8}
		{5DACC04E-DB13-411E-BA72-5625485F00B7} = {928BB013-6F7A-4FB3-9879-4074BA0D31B9}
		{3B66326B-DBE6-4CAE-9139-559A61D44247} = {B71A9464-CAFA-4D30-9E8E-53D538218922}
		{3C34003E-09F6-4037-8E6B-C61181FCB81B} = {B71A9464-CAFA-4D30-9E8E-53D538218922}
		{5F54AD6B-C865-46F3-BF68-B2EE0584C90E} = {0E65FDF4-9FC9-4D46-82A5-666FE845E09B}
		{FB019191-D89B-4C81-B770-5581CD903681} = {0E65FDF4-9FC9-4D46-82A5-666FE845E09B}
		{E4C7F11A-D886-4DD9-99F7-EABD9972FDDE} = {B71A9464-CAFA-4D30-9E8E-53D538218922}
		{63DC0481-E0B2-431F-9E41-202FB8824230} = {B71A9464-CAFA-4D30-9E8E-53D538218922}
		{2527AEDD-715D-4914-8CD7-637CAFF22D89} = {1CE4C556-8564-453F-9C11-34B7D5506B98}
		{A523B729-9C95-43F2-8F8B-C4E6CD18483D} = {1CE4C556-8564-453F-9C11-34B7D5506B98}
	EndGlobalSection
	GlobalSection(ExtensibilityGlobals) = postSolution
		SolutionGuid = {9E2FBC56-C187-4D22-AEB4-96108E2A00C1}
	EndGlobalSection
EndGlobal
